
Microsoft Visual Studio Solution File, Format Version 12.00
# Visual Studio 15
VisualStudioVersion = 15.0.28307.271
MinimumVisualStudioVersion = 10.0.40219.1
Project("{FAE04EC0-301F-11D3-BF4B-00C04F79EFBC}") = "tudou", "tudou\tudou.csproj", "{2635EFA5-4FFB-44A0-9A73-FCFB9AC20563}"
EndProject
Global
	GlobalSection(SolutionConfigurationPlatforms) = preSolution
		Debug|Any CPU = Debug|Any CPU
		Release|Any CPU = Release|Any CPU
	EndGlobalSection
	GlobalSection(ProjectConfigurationPlatforms) = postSolution
		{2635EFA5-4FFB-44A0-9A73-FCFB9AC20563}.Debug|Any CPU.ActiveCfg = Debug|Any CPU
		{2635EFA5-4FFB-44A0-9A73-FCFB9AC20563}.Debug|Any CPU.Build.0 = Debug|Any CPU
		{2635EFA5-4FFB-44A0-9A73-FCFB9AC20563}.Release|Any CPU.ActiveCfg = Release|Any CPU
		{2635EFA5-4FFB-44A0-9A73-FCFB9AC20563}.Release|Any CPU.Build.0 = Release|Any CPU
	EndGlobalSection
	GlobalSection(SolutionProperties) = preSolution
		HideSolutionNode = FALSE
	EndGlobalSection
	GlobalSection(ExtensibilityGlobals) = postSolution
		SolutionGuid = {A6510651-C12F-4D52-A5E4-87F7D409ED6E}
	EndGlobalSection
EndGlobal
